
Microsoft Visual Studio Solution File, Format Version 11.00
# Visual Studio 2010
Project("{CF123CF3-45B4-3FD7-96E9-A5194B39EB02}") = "FizzBuzzBoo", "FizzBuzzBoo\FizzBuzzBoo.booproj", "{E7911217-5249-4629-90E6-6C0D8E1BCFF4}"
EndProject
Global
	GlobalSection(SolutionConfigurationPlatforms) = preSolution
		Debug|x86 = Debug|x86
		Release|x86 = Release|x86
	EndGlobalSection
	GlobalSection(ProjectConfigurationPlatforms) = postSolution
		{E7911217-5249-4629-90E6-6C0D8E1BCFF4}.Debug|x86.ActiveCfg = Debug|x86
		{E7911217-5249-4629-90E6-6C0D8E1BCFF4}.Debug|x86.Build.0 = Debug|x86
		{E7911217-5249-4629-90E6-6C0D8E1BCFF4}.Release|x86.ActiveCfg = Release|x86
		{E7911217-5249-4629-90E6-6C0D8E1BCFF4}.Release|x86.Build.0 = Release|x86
	EndGlobalSection
	GlobalSection(SolutionProperties) = preSolution
		HideSolutionNode = FALSE
	EndGlobalSection
EndGlobal
